// !$*UTF8*$!
{
	archiveVersion = 1;
	classes = {
	};
	objectVersion = 50;
	objects = {

/* Begin PBXBuildFile section */
		635729DB217CC162007AC21C /* main.cpp in Sources */ = {isa = PBXBuildFile; fileRef = 635729DA217CC162007AC21C /* main.cpp */; };
		635729E3217CC5F9007AC21C /* OpenSSLConnection.cpp in Sources */ = {isa = PBXBuildFile; fileRef = 635729E1217CC5F9007AC21C /* OpenSSLConnection.cpp */; };
		635729FB217CCDDA007AC21C /* libaws-iot-sdk-cpp.a in Frameworks */ = {isa = PBXBuildFile; fileRef = 635729F8217CCDDA007AC21C /* libaws-iot-sdk-cpp.a */; };
		635729FC217CCDDA007AC21C /* libssl.a in Frameworks */ = {isa = PBXBuildFile; fileRef = 635729F9217CCDDA007AC21C /* libssl.a */; };
		635729FD217CCDDA007AC21C /* libcrypto.a in Frameworks */ = {isa = PBXBuildFile; fileRef = 635729FA217CCDDA007AC21C /* libcrypto.a */; };
		63572A01217CD7D2007AC21C /* ConnectionManager.cpp in Sources */ = {isa = PBXBuildFile; fileRef = 635729FF217CD7D2007AC21C /* ConnectionManager.cpp */; };
		63572A04217CDA53007AC21C /* ConfigCommon.cpp in Sources */ = {isa = PBXBuildFile; fileRef = 63572A02217CDA53007AC21C /* ConfigCommon.cpp */; };
		63572A10217D058D007AC21C /* remote_core_config.json in CopyFiles */ = {isa = PBXBuildFile; fileRef = 63572A0B217CF8DF007AC21C /* remote_core_config.json */; };
		63572A22217E048A007AC21C /* Certificate.crt in CopyFiles */ = {isa = PBXBuildFile; fileRef = 63572A1F217E047F007AC21C /* Certificate.crt */; };
		63572A23217E048B007AC21C /* Private-Key.key in CopyFiles */ = {isa = PBXBuildFile; fileRef = 63572A21217E0480007AC21C /* Private-Key.key */; };
		63572A24217E048D007AC21C /* Root-CA.pem in CopyFiles */ = {isa = PBXBuildFile; fileRef = 63572A20217E0480007AC21C /* Root-CA.pem */; };
		639899FC218246A400C346D1 /* RemoteController.cpp in Sources */ = {isa = PBXBuildFile; fileRef = 639899FA218246A400C346D1 /* RemoteController.cpp */; };
		63E204B0218A948900228A0D /* Message.cpp in Sources */ = {isa = PBXBuildFile; fileRef = 63E204AE218A948900228A0D /* Message.cpp */; };
		63E204B1218A948900228A0D /* Message.cpp in Sources */ = {isa = PBXBuildFile; fileRef = 63E204AE218A948900228A0D /* Message.cpp */; };
		63E204B4218A9B1600228A0D /* Coder.cpp in Sources */ = {isa = PBXBuildFile; fileRef = 63E204B2218A9B1600228A0D /* Coder.cpp */; };
		63E204B5218A9B1600228A0D /* Coder.cpp in Sources */ = {isa = PBXBuildFile; fileRef = 63E204B2218A9B1600228A0D /* Coder.cpp */; };
		63E204BE218B3B6B00228A0D /* CoderTests.cpp in Sources */ = {isa = PBXBuildFile; fileRef = 63E204BD218B3B6B00228A0D /* CoderTests.cpp */; };
		63F605D421881E1B0002A278 /* libaws-iot-sdk-cpp.a in Frameworks */ = {isa = PBXBuildFile; fileRef = 635729F8217CCDDA007AC21C /* libaws-iot-sdk-cpp.a */; };
		63F605D521881E1E0002A278 /* libcrypto.a in Frameworks */ = {isa = PBXBuildFile; fileRef = 635729FA217CCDDA007AC21C /* libcrypto.a */; };
		63F605D621881E1E0002A278 /* libssl.a in Frameworks */ = {isa = PBXBuildFile; fileRef = 635729F9217CCDDA007AC21C /* libssl.a */; };
		63F605D721881E1E0002A278 /* libgtestd.a in Frameworks */ = {isa = PBXBuildFile; fileRef = 6312156121854154004D850B /* libgtestd.a */; };
		63F605D821881E1E0002A278 /* libgmockd.a in Frameworks */ = {isa = PBXBuildFile; fileRef = 631215702186BFAF004D850B /* libgmockd.a */; };
		63F605D921881E280002A278 /* ConnectionManagerTests.cpp in Sources */ = {isa = PBXBuildFile; fileRef = 6312155E21853EF2004D850B /* ConnectionManagerTests.cpp */; };
		63F605DA21881E950002A278 /* RemoteController.cpp in Sources */ = {isa = PBXBuildFile; fileRef = 639899FA218246A400C346D1 /* RemoteController.cpp */; };
		63F605DB21881E950002A278 /* ConnectionManager.cpp in Sources */ = {isa = PBXBuildFile; fileRef = 635729FF217CD7D2007AC21C /* ConnectionManager.cpp */; };
		63F605DC21881E950002A278 /* OpenSSLConnection.cpp in Sources */ = {isa = PBXBuildFile; fileRef = 635729E1217CC5F9007AC21C /* OpenSSLConnection.cpp */; };
		63F605DD21881E950002A278 /* ConfigCommon.cpp in Sources */ = {isa = PBXBuildFile; fileRef = 63572A02217CDA53007AC21C /* ConfigCommon.cpp */; };
		63F605DF21881EBC0002A278 /* main.cpp in Sources */ = {isa = PBXBuildFile; fileRef = 63F605DE21881EBC0002A278 /* main.cpp */; };
/* End PBXBuildFile section */

/* Begin PBXCopyFilesBuildPhase section */
		635729D5217CC162007AC21C /* CopyFiles */ = {
			isa = PBXCopyFilesBuildPhase;
			buildActionMask = 12;
			dstPath = config;
			dstSubfolderSpec = 16;
			files = (
				63572A10217D058D007AC21C /* remote_core_config.json in CopyFiles */,
			);
			runOnlyForDeploymentPostprocessing = 0;
		};
		63572A11217D0591007AC21C /* CopyFiles */ = {
			isa = PBXCopyFilesBuildPhase;
			buildActionMask = 2147483647;
			dstPath = config/certs;
			dstSubfolderSpec = 16;
			files = (
				63572A22217E048A007AC21C /* Certificate.crt in CopyFiles */,
				63572A23217E048B007AC21C /* Private-Key.key in CopyFiles */,
				63572A24217E048D007AC21C /* Root-CA.pem in CopyFiles */,
			);
			runOnlyForDeploymentPostprocessing = 0;
		};
		63F605CB21881DE30002A278 /* CopyFiles */ = {
			isa = PBXCopyFilesBuildPhase;
			buildActionMask = 2147483647;
			dstPath = /usr/share/man/man1/;
			dstSubfolderSpec = 0;
			files = (
			);
			runOnlyForDeploymentPostprocessing = 1;
		};
/* End PBXCopyFilesBuildPhase section */

/* Begin PBXFileReference section */
		6312155E21853EF2004D850B /* ConnectionManagerTests.cpp */ = {isa = PBXFileReference; lastKnownFileType = sourcecode.cpp.cpp; path = ConnectionManagerTests.cpp; sourceTree = "<group>"; };
		6312156121854154004D850B /* libgtestd.a */ = {isa = PBXFileReference; lastKnownFileType = archive.ar; name = libgtestd.a; path = remote_core/build/lib/libgtestd.a; sourceTree = SOURCE_ROOT; };
		631215702186BFAF004D850B /* libgmockd.a */ = {isa = PBXFileReference; lastKnownFileType = archive.ar; name = libgmockd.a; path = remote_core/build/lib/libgmockd.a; sourceTree = SOURCE_ROOT; };
		635729D7217CC162007AC21C /* remote_core */ = {isa = PBXFileReference; explicitFileType = "compiled.mach-o.executable"; includeInIndex = 0; path = remote_core; sourceTree = BUILT_PRODUCTS_DIR; };
		635729DA217CC162007AC21C /* main.cpp */ = {isa = PBXFileReference; lastKnownFileType = sourcecode.cpp.cpp; path = main.cpp; sourceTree = "<group>"; };
		635729E1217CC5F9007AC21C /* OpenSSLConnection.cpp */ = {isa = PBXFileReference; fileEncoding = 4; lastKnownFileType = sourcecode.cpp.cpp; path = OpenSSLConnection.cpp; sourceTree = "<group>"; };
		635729E2217CC5F9007AC21C /* OpenSSLConnection.hpp */ = {isa = PBXFileReference; fileEncoding = 4; lastKnownFileType = sourcecode.cpp.h; path = OpenSSLConnection.hpp; sourceTree = "<group>"; };
		635729F8217CCDDA007AC21C /* libaws-iot-sdk-cpp.a */ = {isa = PBXFileReference; lastKnownFileType = archive.ar; path = "libaws-iot-sdk-cpp.a"; sourceTree = "<group>"; };
		635729F9217CCDDA007AC21C /* libssl.a */ = {isa = PBXFileReference; lastKnownFileType = archive.ar; path = libssl.a; sourceTree = "<group>"; };
		635729FA217CCDDA007AC21C /* libcrypto.a */ = {isa = PBXFileReference; lastKnownFileType = archive.ar; path = libcrypto.a; sourceTree = "<group>"; };
		635729FF217CD7D2007AC21C /* ConnectionManager.cpp */ = {isa = PBXFileReference; lastKnownFileType = sourcecode.cpp.cpp; path = ConnectionManager.cpp; sourceTree = "<group>"; };
		63572A00217CD7D2007AC21C /* ConnectionManager.hpp */ = {isa = PBXFileReference; lastKnownFileType = sourcecode.cpp.h; path = ConnectionManager.hpp; sourceTree = "<group>"; };
		63572A02217CDA53007AC21C /* ConfigCommon.cpp */ = {isa = PBXFileReference; fileEncoding = 4; lastKnownFileType = sourcecode.cpp.cpp; path = ConfigCommon.cpp; sourceTree = "<group>"; };
		63572A03217CDA53007AC21C /* ConfigCommon.hpp */ = {isa = PBXFileReference; fileEncoding = 4; lastKnownFileType = sourcecode.cpp.h; path = ConfigCommon.hpp; sourceTree = "<group>"; };
		63572A0B217CF8DF007AC21C /* remote_core_config.json */ = {isa = PBXFileReference; fileEncoding = 4; lastKnownFileType = text.json; path = remote_core_config.json; sourceTree = "<group>"; };
		63572A15217D16C5007AC21C /* CMakeLists.txt */ = {isa = PBXFileReference; lastKnownFileType = text; path = CMakeLists.txt; sourceTree = "<group>"; };
		63572A1F217E047F007AC21C /* Certificate.crt */ = {isa = PBXFileReference; fileEncoding = 4; lastKnownFileType = text; path = Certificate.crt; sourceTree = "<group>"; };
		63572A20217E0480007AC21C /* Root-CA.pem */ = {isa = PBXFileReference; fileEncoding = 4; lastKnownFileType = text; path = "Root-CA.pem"; sourceTree = "<group>"; };
		63572A21217E0480007AC21C /* Private-Key.key */ = {isa = PBXFileReference; fileEncoding = 4; lastKnownFileType = text; path = "Private-Key.key"; sourceTree = "<group>"; };
		636FCEEC2182BFD7002B166E /* CMakeLists-gtest.txt.in */ = {isa = PBXFileReference; lastKnownFileType = text; path = "CMakeLists-gtest.txt.in"; sourceTree = "<group>"; };
		636FCEED2182C1D7002B166E /* CMakeLists-aws.txt.in */ = {isa = PBXFileReference; lastKnownFileType = text; path = "CMakeLists-aws.txt.in"; sourceTree = "<group>"; };
		639899F72182076200C346D1 /* CMakeLists.txt */ = {isa = PBXFileReference; lastKnownFileType = text; path = CMakeLists.txt; sourceTree = "<group>"; };
		639899F82182076B00C346D1 /* CMakeLists.txt */ = {isa = PBXFileReference; lastKnownFileType = text; path = CMakeLists.txt; sourceTree = "<group>"; };
		639899FA218246A400C346D1 /* RemoteController.cpp */ = {isa = PBXFileReference; lastKnownFileType = sourcecode.cpp.cpp; path = RemoteController.cpp; sourceTree = "<group>"; };
		639899FB218246A400C346D1 /* RemoteController.hpp */ = {isa = PBXFileReference; lastKnownFileType = sourcecode.cpp.h; path = RemoteController.hpp; sourceTree = "<group>"; };
		63E204AE218A948900228A0D /* Message.cpp */ = {isa = PBXFileReference; lastKnownFileType = sourcecode.cpp.cpp; path = Message.cpp; sourceTree = "<group>"; };
		63E204AF218A948900228A0D /* Message.hpp */ = {isa = PBXFileReference; lastKnownFileType = sourcecode.cpp.h; path = Message.hpp; sourceTree = "<group>"; };
		63E204B2218A9B1600228A0D /* Coder.cpp */ = {isa = PBXFileReference; lastKnownFileType = sourcecode.cpp.cpp; path = Coder.cpp; sourceTree = "<group>"; };
		63E204B3218A9B1600228A0D /* Coder.hpp */ = {isa = PBXFileReference; lastKnownFileType = sourcecode.cpp.h; path = Coder.hpp; sourceTree = "<group>"; };
		63E204B7218B2E7800228A0D /* Coding.hpp */ = {isa = PBXFileReference; lastKnownFileType = sourcecode.cpp.h; path = Coding.hpp; sourceTree = "<group>"; };
		63E204BD218B3B6B00228A0D /* CoderTests.cpp */ = {isa = PBXFileReference; lastKnownFileType = sourcecode.cpp.cpp; path = CoderTests.cpp; sourceTree = "<group>"; };
		63F605CD21881DE30002A278 /* remote_core_unit_tests */ = {isa = PBXFileReference; explicitFileType = "compiled.mach-o.executable"; includeInIndex = 0; path = remote_core_unit_tests; sourceTree = BUILT_PRODUCTS_DIR; };
		63F605DE21881EBC0002A278 /* main.cpp */ = {isa = PBXFileReference; lastKnownFileType = sourcecode.cpp.cpp; path = main.cpp; sourceTree = "<group>"; };
/* End PBXFileReference section */

/* Begin PBXFrameworksBuildPhase section */
		635729D4217CC162007AC21C /* Frameworks */ = {
			isa = PBXFrameworksBuildPhase;
			buildActionMask = 2147483647;
			files = (
				635729FC217CCDDA007AC21C /* libssl.a in Frameworks */,
				635729FB217CCDDA007AC21C /* libaws-iot-sdk-cpp.a in Frameworks */,
				635729FD217CCDDA007AC21C /* libcrypto.a in Frameworks */,
			);
			runOnlyForDeploymentPostprocessing = 0;
		};
		63F605CA21881DE30002A278 /* Frameworks */ = {
			isa = PBXFrameworksBuildPhase;
			buildActionMask = 2147483647;
			files = (
				63F605D821881E1E0002A278 /* libgmockd.a in Frameworks */,
				63F605D721881E1E0002A278 /* libgtestd.a in Frameworks */,
				63F605D521881E1E0002A278 /* libcrypto.a in Frameworks */,
				63F605D421881E1B0002A278 /* libaws-iot-sdk-cpp.a in Frameworks */,
				63F605D621881E1E0002A278 /* libssl.a in Frameworks */,
			);
			runOnlyForDeploymentPostprocessing = 0;
		};
/* End PBXFrameworksBuildPhase section */

/* Begin PBXGroup section */
		6312156321854283004D850B /* Controllers */ = {
			isa = PBXGroup;
			children = (
				639899FB218246A400C346D1 /* RemoteController.hpp */,
			);
			name = Controllers;
			sourceTree = "<group>";
		};
		631215642185428D004D850B /* Configuration */ = {
			isa = PBXGroup;
			children = (
				63572A03217CDA53007AC21C /* ConfigCommon.hpp */,
			);
			name = Configuration;
			sourceTree = "<group>";
		};
		631215652185429E004D850B /* Networking */ = {
			isa = PBXGroup;
			children = (
				63572A00217CD7D2007AC21C /* ConnectionManager.hpp */,
				635729E2217CC5F9007AC21C /* OpenSSLConnection.hpp */,
			);
			name = Networking;
			sourceTree = "<group>";
		};
		635729CE217CC162007AC21C = {
			isa = PBXGroup;
			children = (
				635729D9217CC162007AC21C /* remote_core */,
				635729D8217CC162007AC21C /* Products */,
			);
			sourceTree = "<group>";
		};
		635729D8217CC162007AC21C /* Products */ = {
			isa = PBXGroup;
			children = (
				635729D7217CC162007AC21C /* remote_core */,
				63F605CD21881DE30002A278 /* remote_core_unit_tests */,
			);
			name = Products;
			sourceTree = "<group>";
		};
		635729D9217CC162007AC21C /* remote_core */ = {
			isa = PBXGroup;
			children = (
				63572A07217CF525007AC21C /* include */,
				63572A06217CDB20007AC21C /* src */,
				63572A0A217CF8B3007AC21C /* config */,
				635729F3217CCDAE007AC21C /* lib */,
				636FCEEB21813586002B166E /* tests */,
				63572A15217D16C5007AC21C /* CMakeLists.txt */,
				636FCEED2182C1D7002B166E /* CMakeLists-aws.txt.in */,
			);
			path = remote_core;
			sourceTree = "<group>";
		};
		635729F2217CCDA3007AC21C /* Networking */ = {
			isa = PBXGroup;
			children = (
				635729FF217CD7D2007AC21C /* ConnectionManager.cpp */,
				635729E1217CC5F9007AC21C /* OpenSSLConnection.cpp */,
			);
			path = Networking;
			sourceTree = "<group>";
		};
		635729F3217CCDAE007AC21C /* lib */ = {
			isa = PBXGroup;
			children = (
				635729F8217CCDDA007AC21C /* libaws-iot-sdk-cpp.a */,
				635729FA217CCDDA007AC21C /* libcrypto.a */,
				635729F9217CCDDA007AC21C /* libssl.a */,
				6312156121854154004D850B /* libgtestd.a */,
				631215702186BFAF004D850B /* libgmockd.a */,
			);
			path = lib;
			sourceTree = "<group>";
		};
		63572A05217CDB0F007AC21C /* Configuration */ = {
			isa = PBXGroup;
			children = (
				63572A02217CDA53007AC21C /* ConfigCommon.cpp */,
			);
			path = Configuration;
			sourceTree = "<group>";
		};
		63572A06217CDB20007AC21C /* src */ = {
			isa = PBXGroup;
			children = (
				635729DA217CC162007AC21C /* main.cpp */,
				63E204BA218B39C700228A0D /* Coding */,
				63E204AD218A947500228A0D /* Messaging */,
				63A8DE682184FA6B00B8C961 /* Controllers */,
				635729F2217CCDA3007AC21C /* Networking */,
				63572A05217CDB0F007AC21C /* Configuration */,
			);
			path = src;
			sourceTree = "<group>";
		};
		63572A07217CF525007AC21C /* include */ = {
			isa = PBXGroup;
			children = (
				63E204BB218B3AA400228A0D /* Coding */,
				63E204BC218B3ABB00228A0D /* Messaging */,
				631215652185429E004D850B /* Networking */,
				6312156321854283004D850B /* Controllers */,
				631215642185428D004D850B /* Configuration */,
			);
			path = include;
			sourceTree = "<group>";
		};
		63572A0A217CF8B3007AC21C /* config */ = {
			isa = PBXGroup;
			children = (
				63572A0B217CF8DF007AC21C /* remote_core_config.json */,
				63572A0C217CF8F8007AC21C /* certs */,
			);
			path = config;
			sourceTree = "<group>";
		};
		63572A0C217CF8F8007AC21C /* certs */ = {
			isa = PBXGroup;
			children = (
				63572A1F217E047F007AC21C /* Certificate.crt */,
				63572A21217E0480007AC21C /* Private-Key.key */,
				63572A20217E0480007AC21C /* Root-CA.pem */,
			);
			path = certs;
			sourceTree = "<group>";
		};
		636FCEEB21813586002B166E /* tests */ = {
			isa = PBXGroup;
			children = (
				639899F62182075200C346D1 /* integration */,
				639899F52182074C00C346D1 /* unit */,
			);
			path = tests;
			sourceTree = "<group>";
		};
		639899F52182074C00C346D1 /* unit */ = {
			isa = PBXGroup;
			children = (
				639899F92182080B00C346D1 /* src */,
				639899F82182076B00C346D1 /* CMakeLists.txt */,
				636FCEEC2182BFD7002B166E /* CMakeLists-gtest.txt.in */,
			);
			path = unit;
			sourceTree = "<group>";
		};
		639899F62182075200C346D1 /* integration */ = {
			isa = PBXGroup;
			children = (
				639899F72182076200C346D1 /* CMakeLists.txt */,
			);
			path = integration;
			sourceTree = "<group>";
		};
		639899F92182080B00C346D1 /* src */ = {
			isa = PBXGroup;
			children = (
				63F605DE21881EBC0002A278 /* main.cpp */,
				63E204BD218B3B6B00228A0D /* CoderTests.cpp */,
				6312155E21853EF2004D850B /* ConnectionManagerTests.cpp */,
			);
			path = src;
			sourceTree = "<group>";
		};
		63A8DE682184FA6B00B8C961 /* Controllers */ = {
			isa = PBXGroup;
			children = (
				639899FA218246A400C346D1 /* RemoteController.cpp */,
			);
			path = Controllers;
			sourceTree = "<group>";
		};
		63E204AD218A947500228A0D /* Messaging */ = {
			isa = PBXGroup;
			children = (
				63E204AE218A948900228A0D /* Message.cpp */,
			);
			path = Messaging;
			sourceTree = "<group>";
		};
		63E204BA218B39C700228A0D /* Coding */ = {
			isa = PBXGroup;
			children = (
				63E204B2218A9B1600228A0D /* Coder.cpp */,
			);
			path = Coding;
			sourceTree = "<group>";
		};
		63E204BB218B3AA400228A0D /* Coding */ = {
			isa = PBXGroup;
			children = (
				63E204B7218B2E7800228A0D /* Coding.hpp */,
				63E204B3218A9B1600228A0D /* Coder.hpp */,
			);
			name = Coding;
			sourceTree = "<group>";
		};
		63E204BC218B3ABB00228A0D /* Messaging */ = {
			isa = PBXGroup;
			children = (
				63E204AF218A948900228A0D /* Message.hpp */,
			);
			name = Messaging;
			sourceTree = "<group>";
		};
/* End PBXGroup section */

/* Begin PBXNativeTarget section */
		635729D6217CC162007AC21C /* remote_core */ = {
			isa = PBXNativeTarget;
			buildConfigurationList = 635729DE217CC162007AC21C /* Build configuration list for PBXNativeTarget "remote_core" */;
			buildPhases = (
				635729D3217CC162007AC21C /* Sources */,
				635729D4217CC162007AC21C /* Frameworks */,
				635729D5217CC162007AC21C /* CopyFiles */,
				63572A11217D0591007AC21C /* CopyFiles */,
			);
			buildRules = (
			);
			dependencies = (
			);
			name = remote_core;
			productName = remote_core;
			productReference = 635729D7217CC162007AC21C /* remote_core */;
			productType = "com.apple.product-type.tool";
		};
		63F605CC21881DE30002A278 /* remote_core_unit_tests */ = {
			isa = PBXNativeTarget;
			buildConfigurationList = 63F605D121881DE30002A278 /* Build configuration list for PBXNativeTarget "remote_core_unit_tests" */;
			buildPhases = (
				63F605C921881DE30002A278 /* Sources */,
				63F605CA21881DE30002A278 /* Frameworks */,
				63F605CB21881DE30002A278 /* CopyFiles */,
			);
			buildRules = (
			);
			dependencies = (
			);
			name = remote_core_unit_tests;
			productName = remote_core_unit_tests;
			productReference = 63F605CD21881DE30002A278 /* remote_core_unit_tests */;
			productType = "com.apple.product-type.tool";
		};
/* End PBXNativeTarget section */

/* Begin PBXProject section */
		635729CF217CC162007AC21C /* Project object */ = {
			isa = PBXProject;
			attributes = {
				LastUpgradeCheck = 1000;
				ORGANIZATIONNAME = "David Moore";
				TargetAttributes = {
					635729D6217CC162007AC21C = {
						CreatedOnToolsVersion = 10.0;
					};
					63F605CC21881DE30002A278 = {
						CreatedOnToolsVersion = 10.0;
					};
				};
			};
			buildConfigurationList = 635729D2217CC162007AC21C /* Build configuration list for PBXProject "remote_core" */;
			compatibilityVersion = "Xcode 9.3";
			developmentRegion = en;
			hasScannedForEncodings = 0;
			knownRegions = (
				en,
			);
			mainGroup = 635729CE217CC162007AC21C;
			productRefGroup = 635729D8217CC162007AC21C /* Products */;
			projectDirPath = "";
			projectRoot = "";
			targets = (
				635729D6217CC162007AC21C /* remote_core */,
				63F605CC21881DE30002A278 /* remote_core_unit_tests */,
			);
		};
/* End PBXProject section */

/* Begin PBXSourcesBuildPhase section */
		635729D3217CC162007AC21C /* Sources */ = {
			isa = PBXSourcesBuildPhase;
			buildActionMask = 2147483647;
			files = (
				63572A04217CDA53007AC21C /* ConfigCommon.cpp in Sources */,
				635729E3217CC5F9007AC21C /* OpenSSLConnection.cpp in Sources */,
				639899FC218246A400C346D1 /* RemoteController.cpp in Sources */,
				635729DB217CC162007AC21C /* main.cpp in Sources */,
				63572A01217CD7D2007AC21C /* ConnectionManager.cpp in Sources */,
				63E204B0218A948900228A0D /* Message.cpp in Sources */,
				63E204B4218A9B1600228A0D /* Coder.cpp in Sources */,
			);
			runOnlyForDeploymentPostprocessing = 0;
		};
		63F605C921881DE30002A278 /* Sources */ = {
			isa = PBXSourcesBuildPhase;
			buildActionMask = 2147483647;
			files = (
				63F605D921881E280002A278 /* ConnectionManagerTests.cpp in Sources */,
				63E204B1218A948900228A0D /* Message.cpp in Sources */,
				63F605DA21881E950002A278 /* RemoteController.cpp in Sources */,
				63F605DF21881EBC0002A278 /* main.cpp in Sources */,
				63F605DD21881E950002A278 /* ConfigCommon.cpp in Sources */,
				63F605DC21881E950002A278 /* OpenSSLConnection.cpp in Sources */,
				63F605DB21881E950002A278 /* ConnectionManager.cpp in Sources */,
				63E204BE218B3B6B00228A0D /* CoderTests.cpp in Sources */,
				63E204B5218A9B1600228A0D /* Coder.cpp in Sources */,
			);
			runOnlyForDeploymentPostprocessing = 0;
		};
/* End PBXSourcesBuildPhase section */

/* Begin XCBuildConfiguration section */
		635729DC217CC162007AC21C /* Debug */ = {
			isa = XCBuildConfiguration;
			buildSettings = {
				ALWAYS_SEARCH_USER_PATHS = NO;
				CLANG_ANALYZER_NONNULL = YES;
				CLANG_ANALYZER_NUMBER_OBJECT_CONVERSION = YES_AGGRESSIVE;
				CLANG_CXX_LANGUAGE_STANDARD = "gnu++14";
				CLANG_CXX_LIBRARY = "libc++";
				CLANG_ENABLE_MODULES = YES;
				CLANG_ENABLE_OBJC_ARC = YES;
				CLANG_ENABLE_OBJC_WEAK = YES;
				CLANG_WARN_BLOCK_CAPTURE_AUTORELEASING = YES;
				CLANG_WARN_BOOL_CONVERSION = YES;
				CLANG_WARN_COMMA = YES;
				CLANG_WARN_CONSTANT_CONVERSION = YES;
				CLANG_WARN_DEPRECATED_OBJC_IMPLEMENTATIONS = YES;
				CLANG_WARN_DIRECT_OBJC_ISA_USAGE = YES_ERROR;
				CLANG_WARN_DOCUMENTATION_COMMENTS = YES;
				CLANG_WARN_EMPTY_BODY = YES;
				CLANG_WARN_ENUM_CONVERSION = YES;
				CLANG_WARN_INFINITE_RECURSION = YES;
				CLANG_WARN_INT_CONVERSION = YES;
				CLANG_WARN_NON_LITERAL_NULL_CONVERSION = YES;
				CLANG_WARN_OBJC_IMPLICIT_RETAIN_SELF = YES;
				CLANG_WARN_OBJC_LITERAL_CONVERSION = YES;
				CLANG_WARN_OBJC_ROOT_CLASS = YES_ERROR;
				CLANG_WARN_RANGE_LOOP_ANALYSIS = YES;
				CLANG_WARN_STRICT_PROTOTYPES = YES;
				CLANG_WARN_SUSPICIOUS_MOVE = YES;
				CLANG_WARN_UNGUARDED_AVAILABILITY = YES_AGGRESSIVE;
				CLANG_WARN_UNREACHABLE_CODE = YES;
				CLANG_WARN__DUPLICATE_METHOD_MATCH = YES;
				CODE_SIGN_IDENTITY = "Mac Developer";
				COPY_PHASE_STRIP = NO;
				DEBUG_INFORMATION_FORMAT = dwarf;
				ENABLE_STRICT_OBJC_MSGSEND = YES;
				ENABLE_TESTABILITY = YES;
				GCC_C_LANGUAGE_STANDARD = gnu11;
				GCC_DYNAMIC_NO_PIC = NO;
				GCC_NO_COMMON_BLOCKS = YES;
				GCC_OPTIMIZATION_LEVEL = 0;
				GCC_PREPROCESSOR_DEFINITIONS = (
					"DEBUG=1",
					"$(inherited)",
				);
				GCC_WARN_64_TO_32_BIT_CONVERSION = YES;
				GCC_WARN_ABOUT_RETURN_TYPE = YES_ERROR;
				GCC_WARN_UNDECLARED_SELECTOR = YES;
				GCC_WARN_UNINITIALIZED_AUTOS = YES_AGGRESSIVE;
				GCC_WARN_UNUSED_FUNCTION = YES;
				GCC_WARN_UNUSED_VARIABLE = YES;
				MACOSX_DEPLOYMENT_TARGET = 10.14;
				MTL_ENABLE_DEBUG_INFO = INCLUDE_SOURCE;
				MTL_FAST_MATH = YES;
				ONLY_ACTIVE_ARCH = YES;
				SDKROOT = macosx;
			};
			name = Debug;
		};
		635729DD217CC162007AC21C /* Release */ = {
			isa = XCBuildConfiguration;
			buildSettings = {
				ALWAYS_SEARCH_USER_PATHS = NO;
				CLANG_ANALYZER_NONNULL = YES;
				CLANG_ANALYZER_NUMBER_OBJECT_CONVERSION = YES_AGGRESSIVE;
				CLANG_CXX_LANGUAGE_STANDARD = "gnu++14";
				CLANG_CXX_LIBRARY = "libc++";
				CLANG_ENABLE_MODULES = YES;
				CLANG_ENABLE_OBJC_ARC = YES;
				CLANG_ENABLE_OBJC_WEAK = YES;
				CLANG_WARN_BLOCK_CAPTURE_AUTORELEASING = YES;
				CLANG_WARN_BOOL_CONVERSION = YES;
				CLANG_WARN_COMMA = YES;
				CLANG_WARN_CONSTANT_CONVERSION = YES;
				CLANG_WARN_DEPRECATED_OBJC_IMPLEMENTATIONS = YES;
				CLANG_WARN_DIRECT_OBJC_ISA_USAGE = YES_ERROR;
				CLANG_WARN_DOCUMENTATION_COMMENTS = YES;
				CLANG_WARN_EMPTY_BODY = YES;
				CLANG_WARN_ENUM_CONVERSION = YES;
				CLANG_WARN_INFINITE_RECURSION = YES;
				CLANG_WARN_INT_CONVERSION = YES;
				CLANG_WARN_NON_LITERAL_NULL_CONVERSION = YES;
				CLANG_WARN_OBJC_IMPLICIT_RETAIN_SELF = YES;
				CLANG_WARN_OBJC_LITERAL_CONVERSION = YES;
				CLANG_WARN_OBJC_ROOT_CLASS = YES_ERROR;
				CLANG_WARN_RANGE_LOOP_ANALYSIS = YES;
				CLANG_WARN_STRICT_PROTOTYPES = YES;
				CLANG_WARN_SUSPICIOUS_MOVE = YES;
				CLANG_WARN_UNGUARDED_AVAILABILITY = YES_AGGRESSIVE;
				CLANG_WARN_UNREACHABLE_CODE = YES;
				CLANG_WARN__DUPLICATE_METHOD_MATCH = YES;
				CODE_SIGN_IDENTITY = "Mac Developer";
				COPY_PHASE_STRIP = NO;
				DEBUG_INFORMATION_FORMAT = "dwarf-with-dsym";
				ENABLE_NS_ASSERTIONS = NO;
				ENABLE_STRICT_OBJC_MSGSEND = YES;
				GCC_C_LANGUAGE_STANDARD = gnu11;
				GCC_NO_COMMON_BLOCKS = YES;
				GCC_WARN_64_TO_32_BIT_CONVERSION = YES;
				GCC_WARN_ABOUT_RETURN_TYPE = YES_ERROR;
				GCC_WARN_UNDECLARED_SELECTOR = YES;
				GCC_WARN_UNINITIALIZED_AUTOS = YES_AGGRESSIVE;
				GCC_WARN_UNUSED_FUNCTION = YES;
				GCC_WARN_UNUSED_VARIABLE = YES;
				MACOSX_DEPLOYMENT_TARGET = 10.14;
				MTL_ENABLE_DEBUG_INFO = NO;
				MTL_FAST_MATH = YES;
				SDKROOT = macosx;
			};
			name = Release;
		};
		635729DF217CC162007AC21C /* Debug */ = {
			isa = XCBuildConfiguration;
			buildSettings = {
				CLANG_CXX_LANGUAGE_STANDARD = "gnu++14";
				CLANG_WARN_DOCUMENTATION_COMMENTS = NO;
				CODE_SIGN_STYLE = Automatic;
				DEVELOPMENT_TEAM = 4SPJ9K7CHQ;
				HEADER_SEARCH_PATHS = (
					"$PROJECT_DIR/remote_core/build/third_party/aws-iot-device-sdk-cpp/src/include",
					$PROJECT_DIR/remote_core/build/third_party/rapidjson/src/include,
					$PROJECT_DIR/remote_core/build/third_party/googletest/src/googletest/include,
					$PROJECT_DIR/remote_core/build/third_party/googletest/src/googlemock/include,
					/usr/local/Cellar/openssl/1.0.2o_2/include,
				);
				LIBRARY_SEARCH_PATHS = (
					"$(inherited)",
					"$(PROJECT_DIR)/remote_core",
					/usr/local/Cellar/openssl/1.0.2o_2/lib,
					"$(PROJECT_DIR)/remote_core/lib",
					"$(PROJECT_DIR)/remote_core/build/lib",
				);
				PRODUCT_NAME = "$(TARGET_NAME)";
			};
			name = Debug;
		};
		635729E0217CC162007AC21C /* Release */ = {
			isa = XCBuildConfiguration;
			buildSettings = {
				CLANG_CXX_LANGUAGE_STANDARD = "gnu++14";
				CLANG_WARN_DOCUMENTATION_COMMENTS = NO;
				CODE_SIGN_STYLE = Automatic;
				DEVELOPMENT_TEAM = 4SPJ9K7CHQ;
				HEADER_SEARCH_PATHS = (
					"$PROJECT_DIR/remote_core/build/third_party/aws-iot-device-sdk-cpp/src/include",
					$PROJECT_DIR/remote_core/build/third_party/rapidjson/src/include,
					$PROJECT_DIR/remote_core/build/third_party/googletest/src/googletest/include,
					$PROJECT_DIR/remote_core/build/third_party/googletest/src/googlemock/include,
					/usr/local/Cellar/openssl/1.0.2o_2/include,
				);
				LIBRARY_SEARCH_PATHS = (
					"$(inherited)",
					"$(PROJECT_DIR)/remote_core",
					/usr/local/Cellar/openssl/1.0.2o_2/lib,
					"$(PROJECT_DIR)/remote_core/lib",
					"$(PROJECT_DIR)/remote_core/build/lib",
				);
				PRODUCT_NAME = "$(TARGET_NAME)";
			};
			name = Release;
		};
		63F605D221881DE30002A278 /* Debug */ = {
			isa = XCBuildConfiguration;
			buildSettings = {
				CLANG_WARN_DOCUMENTATION_COMMENTS = NO;
				CODE_SIGN_STYLE = Automatic;
				DEVELOPMENT_TEAM = 4SPJ9K7CHQ;
				HEADER_SEARCH_PATHS = (
					"$PROJECT_DIR/remote_core/build/third_party/aws-iot-device-sdk-cpp/src/include",
					$PROJECT_DIR/remote_core/build/third_party/rapidjson/src/include,
					$PROJECT_DIR/remote_core/build/third_party/googletest/src/googletest/include,
					$PROJECT_DIR/remote_core/build/third_party/googletest/src/googlemock/include,
					/usr/local/Cellar/openssl/1.0.2o_2/include,
				);
				LIBRARY_SEARCH_PATHS = (
					"$(inherited)",
					"$(PROJECT_DIR)/remote_core/lib",
					"$(PROJECT_DIR)/remote_core/build/lib",
				);
				PRODUCT_NAME = "$(TARGET_NAME)";
			};
			name = Debug;
		};
		63F605D321881DE30002A278 /* Release */ = {
			isa = XCBuildConfiguration;
			buildSettings = {
				CLANG_WARN_DOCUMENTATION_COMMENTS = NO;
				CODE_SIGN_STYLE = Automatic;
				DEVELOPMENT_TEAM = 4SPJ9K7CHQ;
				HEADER_SEARCH_PATHS = (
					"$PROJECT_DIR/remote_core/build/third_party/aws-iot-device-sdk-cpp/src/include",
					$PROJECT_DIR/remote_core/build/third_party/rapidjson/src/include,
					$PROJECT_DIR/remote_core/build/third_party/googletest/src/googletest/include,
					$PROJECT_DIR/remote_core/build/third_party/googletest/src/googlemock/include,
					/usr/local/Cellar/openssl/1.0.2o_2/include,
				);
				LIBRARY_SEARCH_PATHS = (
					"$(inherited)",
					"$(PROJECT_DIR)/remote_core/lib",
					"$(PROJECT_DIR)/remote_core/build/lib",
				);
				PRODUCT_NAME = "$(TARGET_NAME)";
			};
			name = Release;
		};
/* End XCBuildConfiguration section */

/* Begin XCConfigurationList section */
		635729D2217CC162007AC21C /* Build configuration list for PBXProject "remote_core" */ = {
			isa = XCConfigurationList;
			buildConfigurations = (
				635729DC217CC162007AC21C /* Debug */,
				635729DD217CC162007AC21C /* Release */,
			);
			defaultConfigurationIsVisible = 0;
			defaultConfigurationName = Release;
		};
		635729DE217CC162007AC21C /* Build configuration list for PBXNativeTarget "remote_core" */ = {
			isa = XCConfigurationList;
			buildConfigurations = (
				635729DF217CC162007AC21C /* Debug */,
				635729E0217CC162007AC21C /* Release */,
			);
			defaultConfigurationIsVisible = 0;
			defaultConfigurationName = Release;
		};
		63F605D121881DE30002A278 /* Build configuration list for PBXNativeTarget "remote_core_unit_tests" */ = {
			isa = XCConfigurationList;
			buildConfigurations = (
				63F605D221881DE30002A278 /* Debug */,
				63F605D321881DE30002A278 /* Release */,
			);
			defaultConfigurationIsVisible = 0;
			defaultConfigurationName = Release;
		};
/* End XCConfigurationList section */
	};
	rootObject = 635729CF217CC162007AC21C /* Project object */;
}
